
Microsoft Visual Studio Solution File, Format Version 12.00
# Visual Studio 15
VisualStudioVersion = 15.0.28307.421
MinimumVisualStudioVersion = 10.0.40219.1
Project("{FAE04EC0-301F-11D3-BF4B-00C04F79EFBC}") = "SampleFw.Core", "SampleFw.Core\SampleFw.Core.csproj", "{4D63DABF-951A-4BE3-9581-204EC455F36C}"
EndProject
Project("{FAE04EC0-301F-11D3-BF4B-00C04F79EFBC}") = "SampleFw.Infrastructure", "SampleFw.Infrastructure\SampleFw.Infrastructure.csproj", "{89BDBE24-BC16-4AA0-8699-C3E2FA959856}"
EndProject
Project("{FAE04EC0-301F-11D3-BF4B-00C04F79EFBC}") = "SampleFw.WebMvc", "SampleFw.WebMvc\SampleFw.WebMvc.csproj", "{1F54B328-00B2-455E-AA88-DD67A8C3054A}"
EndProject
Project("{FAE04EC0-301F-11D3-BF4B-00C04F79EFBC}") = "SampleFw.WebMvc.Tests", "SampleFw.WebMvc.Tests\SampleFw.WebMvc.Tests.csproj", "{148CD7B3-72A4-477D-88A8-4045DC689629}"
EndProject
Global
	GlobalSection(SolutionConfigurationPlatforms) = preSolution
		Debug|Any CPU = Debug|Any CPU
		Release|Any CPU = Release|Any CPU
	EndGlobalSection
	GlobalSection(ProjectConfigurationPlatforms) = postSolution
		{4D63DABF-951A-4BE3-9581-204EC455F36C}.Debug|Any CPU.ActiveCfg = Debug|Any CPU
		{4D63DABF-951A-4BE3-9581-204EC455F36C}.Debug|Any CPU.Build.0 = Debug|Any CPU
		{4D63DABF-951A-4BE3-9581-204EC455F36C}.Release|Any CPU.ActiveCfg = Release|Any CPU
		{4D63DABF-951A-4BE3-9581-204EC455F36C}.Release|Any CPU.Build.0 = Release|Any CPU
		{89BDBE24-BC16-4AA0-8699-C3E2FA959856}.Debug|Any CPU.ActiveCfg = Debug|Any CPU
		{89BDBE24-BC16-4AA0-8699-C3E2FA959856}.Debug|Any CPU.Build.0 = Debug|Any CPU
		{89BDBE24-BC16-4AA0-8699-C3E2FA959856}.Release|Any CPU.ActiveCfg = Release|Any CPU
		{89BDBE24-BC16-4AA0-8699-C3E2FA959856}.Release|Any CPU.Build.0 = Release|Any CPU
		{1F54B328-00B2-455E-AA88-DD67A8C3054A}.Debug|Any CPU.ActiveCfg = Debug|Any CPU
		{1F54B328-00B2-455E-AA88-DD67A8C3054A}.Debug|Any CPU.Build.0 = Debug|Any CPU
		{1F54B328-00B2-455E-AA88-DD67A8C3054A}.Release|Any CPU.ActiveCfg = Release|Any CPU
		{1F54B328-00B2-455E-AA88-DD67A8C3054A}.Release|Any CPU.Build.0 = Release|Any CPU
		{148CD7B3-72A4-477D-88A8-4045DC689629}.Debug|Any CPU.ActiveCfg = Debug|Any CPU
		{148CD7B3-72A4-477D-88A8-4045DC689629}.Debug|Any CPU.Build.0 = Debug|Any CPU
		{148CD7B3-72A4-477D-88A8-4045DC689629}.Release|Any CPU.ActiveCfg = Release|Any CPU
		{148CD7B3-72A4-477D-88A8-4045DC689629}.Release|Any CPU.Build.0 = Release|Any CPU
	EndGlobalSection
	GlobalSection(SolutionProperties) = preSolution
		HideSolutionNode = FALSE
	EndGlobalSection
	GlobalSection(ExtensibilityGlobals) = postSolution
		SolutionGuid = {43EFFE61-F7A9-429D-B05A-7FFA26DDC802}
	EndGlobalSection
EndGlobal
